PODS:
  - Flutter (1.0.0)
  - health (13.3.1):
    - Flutter
  - libdivecomputer_plugin (0.1.0):
    - Flutter
  - ObjectBox (4.4.1)
  - objectbox_flutter_libs (0.0.1):
    - Flutter
    - ObjectBox (= 4.4.1)
  - printing (1.0.0):
    - Flutter
  - receive_sharing_intent (1.8.1):
    - Flutter
  - workmanager_apple (0.0.1):
    - Flutter

DEPENDENCIES:
  - Flutter (from `Flutter`)
  - health (from `.symlinks/plugins/health/ios`)
  - libdivecomputer_plugin (from `.symlinks/plugins/libdivecomputer_plugin/ios`)
  - objectbox_flutter_libs (from `.symlinks/plugins/objectbox_flutter_libs/ios`)
  - printing (from `.symlinks/plugins/printing/ios`)
  - receive_sharing_intent (from `.symlinks/plugins/receive_sharing_intent/ios`)
  - workmanager_apple (from `.symlinks/plugins/workmanager_apple/ios`)

SPEC REPOS:
  trunk:
    - ObjectBox

EXTERNAL SOURCES:
  Flutter:
    :path: Flutter
  health:
    :path: ".symlinks/plugins/health/ios"
  libdivecomputer_plugin:
    :path: ".symlinks/plugins/libdivecomputer_plugin/ios"
  objectbox_flutter_libs:
    :path: ".symlinks/plugins/objectbox_flutter_libs/ios"
  printing:
    :path: ".symlinks/plugins/printing/ios"
  receive_sharing_intent:
    :path: ".symlinks/plugins/receive_sharing_intent/ios"
  workmanager_apple:
    :path: ".symlinks/plugins/workmanager_apple/ios"

SPEC CHECKSUMS:
  Flutter: cabc95a1d2626b1b06e7179b784ebcf0c0cde467
  health: 4decf5d74e8f54c58a8c07a385fc72f629a831d9
  libdivecomputer_plugin: 5876d08dd98fc04a06421cbaa7ad70e4c01d3f94
  ObjectBox: 7da4aceb5013d041bfafdbc6d744a26918b09757
  objectbox_flutter_libs: 09b1dec1b4cd27bf1a5f9bae7ccaa7e43588bf31
  printing: 54ff03f28fe9ba3aa93358afb80a8595a071dd07
  receive_sharing_intent: 222384f00ffe7e952bbfabaa9e3967cb87e5fe00
  workmanager_apple: 904529ae31e97fc5be632cf628507652294a0778

PODFILE CHECKSUM: 210fbde7dda0478454a38b169f5a92e0b7c05197

COCOAPODS: 1.16.2
